
Microsoft Visual Studio Solution File, Format Version 12.00
# Visual Studio 2012
Project("{FAE04EC0-301F-11D3-BF4B-00C04F79EFBC}") = "BIO_Z7", "BIO_Z7\BIO_Z7.csproj", "{CBC4448A-5540-44B0-B9E1-1962DC1D133D}"
EndProject
Project("{FAE04EC0-301F-11D3-BF4B-00C04F79EFBC}") = "BioTests", "BioTests\BioTests.csproj", "{46ACED92-09DA-4D1C-9449-1620F9EC8243}"
EndProject
Global
	GlobalSection(SolutionConfigurationPlatforms) = preSolution
		Debug|Any CPU = Debug|Any CPU
		Release|Any CPU = Release|Any CPU
	EndGlobalSection
	GlobalSection(ProjectConfigurationPlatforms) = postSolution
		{CBC4448A-5540-44B0-B9E1-1962DC1D133D}.Debug|Any CPU.ActiveCfg = Debug|Any CPU
		{CBC4448A-5540-44B0-B9E1-1962DC1D133D}.Debug|Any CPU.Build.0 = Debug|Any CPU
		{CBC4448A-5540-44B0-B9E1-1962DC1D133D}.Release|Any CPU.ActiveCfg = Release|Any CPU
		{CBC4448A-5540-44B0-B9E1-1962DC1D133D}.Release|Any CPU.Build.0 = Release|Any CPU
		{46ACED92-09DA-4D1C-9449-1620F9EC8243}.Debug|Any CPU.ActiveCfg = Debug|Any CPU
		{46ACED92-09DA-4D1C-9449-1620F9EC8243}.Debug|Any CPU.Build.0 = Debug|Any CPU
		{46ACED92-09DA-4D1C-9449-1620F9EC8243}.Release|Any CPU.ActiveCfg = Release|Any CPU
		{46ACED92-09DA-4D1C-9449-1620F9EC8243}.Release|Any CPU.Build.0 = Release|Any CPU
	EndGlobalSection
	GlobalSection(SolutionProperties) = preSolution
		HideSolutionNode = FALSE
	EndGlobalSection
EndGlobal
